{
  "requires": true,
  "lockfileVersion": 1,
  "dependencies": {
    "@types/node": {
      "version": "16.4.12",
      "resolved": "https://registry.npmjs.org/@types/node/-/node-16.4.12.tgz",
      "integrity": "sha512-zxrTNFl9Z8boMJXs6ieqZP0wAhvkdzmHSxTlJabM16cf5G9xBc1uPRH5Bbv2omEDDiM8MzTfqTJXBf0Ba4xFWA==",
      "dev": true
    }
  }
}
